
Microsoft Visual Studio Solution File, Format Version 12.00
# Visual Studio 2013
VisualStudioVersion = 12.0.20924.1
MinimumVisualStudioVersion = 10.0.40219.1
Project("{FAE04EC0-301F-11D3-BF4B-00C04F79EFBC}") = "UnitTestProject2", "UnitTestProject2\UnitTestProject2.csproj", "{BDE266BF-C21C-47F8-A1EB-B7686CE18FEC}"
EndProject
Global
	GlobalSection(SolutionConfigurationPlatforms) = preSolution
		Debug|Any CPU = Debug|Any CPU
		Release|Any CPU = Release|Any CPU
	EndGlobalSection
	GlobalSection(ProjectConfigurationPlatforms) = postSolution
		{BDE266BF-C21C-47F8-A1EB-B7686CE18FEC}.Debug|Any CPU.ActiveCfg = Debug|Any CPU
		{BDE266BF-C21C-47F8-A1EB-B7686CE18FEC}.Debug|Any CPU.Build.0 = Debug|Any CPU
		{BDE266BF-C21C-47F8-A1EB-B7686CE18FEC}.Release|Any CPU.ActiveCfg = Release|Any CPU
		{BDE266BF-C21C-47F8-A1EB-B7686CE18FEC}.Release|Any CPU.Build.0 = Release|Any CPU
	EndGlobalSection
	GlobalSection(SolutionProperties) = preSolution
		HideSolutionNode = FALSE
	EndGlobalSection
EndGlobal
